# Host-only dependencies for the Ubuntu 24.04 x86_64 demo supervisor.
# Runtime containers continue to use requirements/requirements-f1.lock.
cffi==2.1.1 --hash=sha256:c1453022f490d2459a11819d83ad1d586e9ff65a12ac3e705ffebd46d3685dcf
cryptography==50.0.0 --hash=sha256:82148ec5bddac30b51a5b3c1945075f896fa022cb93f8e4a01e9f6ee95292c5f
greenlet==3.5.4 --hash=sha256:f88193799d43dbf8c8a806d6405c9c52fe2af40bf75072a606357b33cc336c7f
psycopg==3.2.9 --hash=sha256:01a8dadccdaac2123c916208c96e06631641c0566b22005493f09663c7a8d3b6
psycopg-binary==3.2.9 --hash=sha256:76eddaf7fef1d0994e3d536ad48aa75034663d3a07f6f7e3e601105ae73aeff6
pycparser==3.0 --hash=sha256:b727414169a36b7d524c1c3e31839a521725078d7b2ff038656844266160a992
SQLAlchemy==2.0.51 --hash=sha256:1d21ce524ab86c23046e992a5b81cb54c21079c6df6e78b8fc77d77cac70a6b9
typing_extensions==4.16.0 --hash=sha256:481caa481374e813c1b176ada14e97f1f67a4539ce9cfeb3f350d78d6370c2e8
