# F0-E Linux/arm64 CPython 3.11 wheel lock.
# Generated from pip's linux/arm64 resolver report; every archive is hash-pinned.
flatbuffers==25.12.19 --hash=sha256:7634f50c427838bb021c2d66a3d1168e9d199b0607e6329399f04846d42e20b4
numpy==2.4.6 --hash=sha256:0ab0a9c4ffb1a6d95ef519fe4247dba8eb6b18ad93999f76b7f657039acabd47
onnxruntime==1.28.0 --hash=sha256:8d66f9ceb29909c70839e4e4fb3435c7b490050d8f162bd5f3aba4ca01ee517f
opencv-python-headless==5.0.0.93 --hash=sha256:840bd717c21e5c11cadadc022a823315ea417f961213d06b4df010e019eb16f4
packaging==26.3 --hash=sha256:d7193f7c8e4e93f444fde0262bf90af30e16fa0ad0ad44cb553c87339b23cd1c
pillow==12.3.0 --hash=sha256:bcb46e2f9feff8d06323983bd83ed00c201fdcab3d74973e7072a889b3979fcd
protobuf==7.35.1 --hash=sha256:11d6b0ec246892d85215b0a13ca6e0233cf5284b68f0ac02646427f4ff88a799
pyclipper==1.4.0 --hash=sha256:58e29d7443d7cc0e83ee9daf43927730386629786d00c63b04fe3b53ac01462c
pypdfium2==5.12.1 --hash=sha256:6eabf028ad8e7bc7811c9acf3a72718c180569b624b844d2c6cc974609784275
PyYAML==6.0.3 --hash=sha256:10892704fc220243f5305762e276552a0395f7beb4dbf9b14ec8fd43b57f126c
rapidocr-onnxruntime==1.4.4 --hash=sha256:971d7d5f223a7a808662229df1ef69893809d8457d834e6373d3854bc1782cbf
shapely==2.1.2 --hash=sha256:cc4f7397459b12c0b196c9efe1f9d7e92463cbba142632b4cc6d8bbbbd3e2b09
six==1.17.0 --hash=sha256:4721f391ed90541fddacab5acf947aa0d3dc7d27b2e1e8eda2be8970586c3274
tqdm==4.70.0 --hash=sha256:7f585706bfddbdebf89daac705b2dfcc16890130727d3197ca62c732b4310953
