alembic==1.16.4 --hash=sha256:b05e51e8e82efc1abd14ba2af6392897e145930c3e0a2faf2b0da2f7f7fd660d
annotated-doc==0.0.5 --hash=sha256:117bac03a25ede5df5440e855b32d556049ca169ead221505badf432fed4b101
annotated-types==0.8.0 --hash=sha256:f072f4d804ea359e4eaf198b1af7a8b0943881a87f31bb764f8bf219bb9419e0
anyio==4.14.2 --hash=sha256:9f505dda5ac9f0c8309b5e8bd445a8c2bf7246f3ce950121e45ea15bc41d1494
argon2-cffi==25.1.0 --hash=sha256:fdc8b074db390fccb6eb4a3604ae7231f219aa669a2652e0f20e16ba513d5741
argon2-cffi-bindings==25.1.0 --hash=sha256:1e021e87faa76ae0d413b619fe2b65ab9a037f24c60a1e6cc43457ae20de6dc6 --hash=sha256:d3e924cfc503018a714f94a49a149fdc0b644eaead5d1f089330399134fa028a
asgiref==3.12.1 --hash=sha256:fe386d1c2bff7259ea95929266d12a8cf9a8b5a1c2598402967d8792e7a7c094
asyncpg==0.31.0 --hash=sha256:a429e842a3a4b4ea240ea52d7fe3f82d5149853249306f7ff166cb9948faa46c --hash=sha256:c0807be46c32c963ae40d329b3a686356e417f674c976c07fa49f1b30303f109
certifi==2026.7.22 --hash=sha256:62f22742b58a1a33014a2b6b706588a8d7e2a88ae7bd1a6ebe8c992928483775
cffi==2.1.1 --hash=sha256:3311ed60d36f83378794e1009ac6258bafbf81f7888b4caa7b35a521e3f95813 --hash=sha256:34e261f78cb6ceaaa36f42f2613f4380d94d9c759a9c73c769ee6e0247364632
charset-normalizer==3.4.9 --hash=sha256:2a441ea71902098ffe78c5abe6c494f44160b4af614ed16c3d9a3b1d17fd8ee2 --hash=sha256:04ce310cb89c15df659582aee80a0603788732a5e017d5bd5c81158106ce249c
click==8.4.2 --hash=sha256:e6f9f66136c816745b9d65817da91d61d957fb16e02e4dcd0552553c5a197b76
croniter==6.2.4 --hash=sha256:8ef3d544107a5c05a150a2d78f8bf5a8eb9c5c4d93405a736b824109574e3f4d
cryptography==50.0.0 --hash=sha256:07949c449a1abcf60d1ee6e88956d89404c7df3c8258f46589e912988e551987 --hash=sha256:82148ec5bddac30b51a5b3c1945075f896fa022cb93f8e4a01e9f6ee95292c5f
defusedxml==0.7.1 --hash=sha256:a352e7e428770286cc899e2542b6cdaedb2b4953ff269a210103ec58f6198a61
ecdsa==0.19.2 --hash=sha256:840f5dc5e375c68f36c1a7a5b9caad28f95daa65185c9253c0c08dd952bb7399
fastapi==0.133.1 --hash=sha256:658f34ba334605b1617a65adf2ea6461901bdb9af3a3080d63ff791ecf7dc2e2
fonttools==4.64.0 --hash=sha256:dac25768be4c03a990c359f408cb7e8958ed0e93061e495b3642ce7909761205 --hash=sha256:ff7aff4637fbf71394df139c63ccfe08a47aa4252d2f91224ddb3335c716c925 --hash=sha256:801fd04899d72eab34f02ab78d0451525621b3bd589da9d2d480dfffe951b643
fpdf2==2.8.8 --hash=sha256:3557a478fc577a929c94aace9666aed4dcc432b5ab6764232e6a59f1ccd75f17
googleapis-common-protos==1.75.1 --hash=sha256:28a1934bcd33b9c9da66ac301a0a4227e3367f095a17d0375cb98f0a09d93b79
greenlet==3.5.4 --hash=sha256:32802705c2c1ff25e8237b3bdacf2594fa02be80af8a66703eb7853ea7e68686 --hash=sha256:c3fe76c2cac86b4f7a1e92865ac0a54384deb05c92986287c1a7110d9bd53071
grpcio==1.83.0 --hash=sha256:f4cee5fc86e84a0cf7ad1574b454c3320e087c07f55b7df5dc0ac6a873fb90c0 --hash=sha256:f5f410d7c2903eabb34789dfd6342eef04af1ad459943936b7e09a9f5bd417b9
h11==0.16.0 --hash=sha256:63cf8bbe7522de3bf65932fda1d9c2772064ffb3dae62d55932da54b31cb6c86
httpcore==1.0.9 --hash=sha256:2d400746a40668fc9dec9810239072b40b4484b640a8c38fd654a024c7a1bf55
httpx==0.28.1 --hash=sha256:d909fcccc110f8c7faf814ca82a9a4d816bc5a6dbfea25d6591d6985b8ba59ad
idna==3.18 --hash=sha256:7f952cbe720b688055e3f87de14f5c3e5fdaa8bc3928985c4077ca689de849a2
Mako==1.3.12 --hash=sha256:8f61569480282dbf557145ce441e4ba888be453c30989f879f0d652e39f53ea9
MarkupSafe==3.0.3 --hash=sha256:6b5420a1d9450023228968e7e6a9ce57f65d148ab56d2313fcd589eee96a7a50 --hash=sha256:0bf2a864d67e76e5c9a34dc26ec616a66b9888e25e7b9460e1c76d3293bd9dbf
minio==7.2.20 --hash=sha256:eb33dd2fb80e04c3726a76b13241c6be3c4c46f8d81e1d58e757786f6501897e
opentelemetry-api==1.44.0 --hash=sha256:94b98c893a91b88657eaac1e3ba89618cdb85be6918196705354f34728b2cdef
opentelemetry-exporter-otlp==1.44.0 --hash=sha256:4a498fa8d8fd8be9e8e2d175fe5524a3fe581ccffadd8509db86526a5fb97051
opentelemetry-exporter-otlp-proto-common==1.44.0 --hash=sha256:9a9fe61bba73d802904bc989f1d6b4a7b1ee40f06c40e98d6f85af65aaebb694
opentelemetry-exporter-otlp-proto-grpc==1.44.0 --hash=sha256:6a1a645ea182a2f59440c51fa8301d309f3324a8f9d65f8395584b064b67ee4e
opentelemetry-exporter-otlp-proto-http==1.44.0 --hash=sha256:838592fce774c1c8bb7b9a0a7facbfa82e17be5a8a4e94cef10cb84ae026bae3
opentelemetry-instrumentation==0.65b0 --hash=sha256:ea967a72b9939b5fcfdad572753b4306c59dcb99e3f382d95dae04286805e137
opentelemetry-instrumentation-asgi==0.65b0 --hash=sha256:3a845a8ebd1c4ef0d8263401e6545f5b219b2feee612090d50f578a87e71fd65
opentelemetry-instrumentation-fastapi==0.65b0 --hash=sha256:cda2610a0ec1b22d19886f33e4d861e9f5dbb886aeaa3a1263b47aff82c36943
opentelemetry-instrumentation-httpx==0.65b0 --hash=sha256:400f1b78afa4ee2332b5debe58e1ed1b317913d58812c952576be76660aeadb1
opentelemetry-instrumentation-sqlalchemy==0.65b0 --hash=sha256:4d8a2e5afc7b505a48d05cb1fb6db5f8b31681814c1d7767bd6d4b5bdd3a3047
opentelemetry-proto==1.44.0 --hash=sha256:898b155a0e1557afd867478fb6158e8122a46329ca0bb8dc53cc55e98f017f56
opentelemetry-sdk==1.44.0 --hash=sha256:df081c4c6bcfdb1211e3e86140376792643128a25f8d72d1d27675936e7e96ad
opentelemetry-semantic-conventions==0.65b0 --hash=sha256:1cacde7b0ad306f84c5ef08c3dbe1bbaf20165bba6f8bff43b670e555a086bcb
opentelemetry-util-http==0.65b0 --hash=sha256:7553b606f963097cb190536dc30556cce85090692e471a422fff30ca29b04348
packaging==26.3 --hash=sha256:d7193f7c8e4e93f444fde0262bf90af30e16fa0ad0ad44cb553c87339b23cd1c
pillow==12.2.0 --hash=sha256:71cde9a1e1551df7d34a25462fc60325e8a11a82cc2e2f54578e5e9a1e153d65 --hash=sha256:8bd7903a5f2a4545f6fd5935c90058b89d30045568985a71c79f5fd6edf9b91e --hash=sha256:f490f9368b6fc026f021db16d7ec2fbf7d89e2edb42e8ec09d2c60505f5729c7
protobuf==7.35.1 --hash=sha256:11d6b0ec246892d85215b0a13ca6e0233cf5284b68f0ac02646427f4ff88a799 --hash=sha256:74758715c53d7158fb76caf4f0cfdacc5329a4b1bb994f865d6cf302d413a1c4
psycopg==3.2.9 --hash=sha256:01a8dadccdaac2123c916208c96e06631641c0566b22005493f09663c7a8d3b6
psycopg-binary==3.2.9 --hash=sha256:387c87b51d72442708e7a853e7e7642717e704d59571da2f3b29e748be58c78a --hash=sha256:f34e88940833d46108f949fdc1fcfb74d6b5ae076550cd67ab59ef47555dba95
pyasn1==0.6.4 --hash=sha256:deda9277cfd454080ec40b207fb6df82206a3a2688735233cdcd8d3d565f088b
pycparser==3.0 --hash=sha256:b727414169a36b7d524c1c3e31839a521725078d7b2ff038656844266160a992
pycryptodome==3.23.0 --hash=sha256:67bd81fcbe34f43ad9422ee8fd4843c8e7198dd88dd3d40e6de42ee65fbe1490 --hash=sha256:c8987bd3307a39bc03df5c8e0e3d8be0c4c3518b7f044b0f4c15d1aa78f52575
pydantic==2.13.4 --hash=sha256:45a282cde31d808236fd7ea9d919b128653c8b38b393d1c4ab335c62924d9aba
pydantic_core==2.46.4 --hash=sha256:7bfb192b3f4b9e8a89b6277b6ce787564f62cfd272055f6e685726b111dc7826 --hash=sha256:f9fa868638bf362d3d138ea55829cefb3d5f4b0d7f142234382a15e2485dbec4
pypdf==6.14.2 --hash=sha256:3f07891af76dc002657e04993ab9b4de81de29f9013b9761d0b7968bff12e946
python-dateutil==2.9.0.post0 --hash=sha256:a8b2bc7bffae282281c8140a97d3aa9c14da0b136dfe83f850eea9a5f7470427
python-jose==3.5.0 --hash=sha256:abd1202f23d34dfad2c3d28cb8617b90acf34132c7afd60abd0b0b7d3cb55771
python-multipart==0.0.32 --hash=sha256:ff6d3f776f16878c894e52e107296ffc890e913c611b1a4ec6c44e2821fe2e23
redis==8.1.0 --hash=sha256:a4fe1aac3d3b3cc791d4b3d5931c5a956045dc951ee74d1c913ee3ac4d2ee9fb
requests==2.34.2 --hash=sha256:2a0d60c172f83ac6ab31e4554906c0f3b3588d37b5cb939b1c061f4907e278e0
rq==2.10.0 --hash=sha256:1f072e0ff79771f3d3a810170df4c4836dca9ce9f31330a9fc25e25277620ec8
rsa==4.9.1 --hash=sha256:68635866661c6836b8d39430f97a996acbd61bfa49406748ea243539fe239762
six==1.17.0 --hash=sha256:4721f391ed90541fddacab5acf947aa0d3dc7d27b2e1e8eda2be8970586c3274
SQLAlchemy==2.0.51 --hash=sha256:a5b2ed6d828f1f09bd812861f4f59ca3bc3803f9df871f4555187f0faf018604 --hash=sha256:436728ce18a80f6951a1e11cc6112c2ede9faf20766f1a26195a7c441ca12dbd
starlette==1.3.1 --hash=sha256:c7372aae11c3c3f26a42df7bd626cec2f47d03483d261d369516a615a53714c6
typing-inspection==0.4.2 --hash=sha256:4ed1cacbdc298c220f1bd249ed5287caa16f34d44ef4e9c3d0cbad5b521545e7
typing_extensions==4.16.0 --hash=sha256:481caa481374e813c1b176ada14e97f1f67a4539ce9cfeb3f350d78d6370c2e8
urllib3==2.7.0 --hash=sha256:9fb4c81ebbb1ce9531cce37674bbc6f1360472bc18ca9a553ede278ef7276897
uvicorn==0.41.0 --hash=sha256:29e35b1d2c36a04b9e180d4007ede3bcb32a85fbdfd6c6aeb3f26839de088187
wrapt==2.3.0 --hash=sha256:d0077f3d65541925fa83002f967b22ad6550d24813ac64cb905f717194128d9c --hash=sha256:fc648a335d7e01adb3640b25f02fd0ea05886cf04d0af7f4ee902bc7b5e466e8
